
Microsoft Visual Studio Solution File, Format Version 12.00
# Visual Studio Version 17
VisualStudioVersion = 17.4.33122.133
MinimumVisualStudioVersion = 10.0.40219.1
Project("{FAE04EC0-301F-11D3-BF4B-00C04F79EFBC}") = "LibraryAutomation", "LibraryAutomation\LibraryAutomation.csproj", "{7495558B-D04A-4728-87D1-2D5143BD5792}"
EndProject
Global
	GlobalSection(SolutionConfigurationPlatforms) = preSolution
		Debug|Any CPU = Debug|Any CPU
		Release|Any CPU = Release|Any CPU
	EndGlobalSection
	GlobalSection(ProjectConfigurationPlatforms) = postSolution
		{7495558B-D04A-4728-87D1-2D5143BD5792}.Debug|Any CPU.ActiveCfg = Debug|Any CPU
		{7495558B-D04A-4728-87D1-2D5143BD5792}.Debug|Any CPU.Build.0 = Debug|Any CPU
		{7495558B-D04A-4728-87D1-2D5143BD5792}.Release|Any CPU.ActiveCfg = Release|Any CPU
		{7495558B-D04A-4728-87D1-2D5143BD5792}.Release|Any CPU.Build.0 = Release|Any CPU
	EndGlobalSection
	GlobalSection(SolutionProperties) = preSolution
		HideSolutionNode = FALSE
	EndGlobalSection
	GlobalSection(ExtensibilityGlobals) = postSolution
		SolutionGuid = {2257928A-611A-43FD-8B2D-1FAF07F8FFD8}
	EndGlobalSection
EndGlobal
